// !$*UTF8*$!
{
	archiveVersion = 1;
	classes = {
	};
	objectVersion = 46;
	objects = {

/* Begin PBXBuildFile section */
		D926AB181C77602E002AC0B7 /* AppDelegate.swift in Sources */ = {isa = PBXBuildFile; fileRef = D926AB171C77602E002AC0B7 /* AppDelegate.swift */; };
		D926AB1A1C77602E002AC0B7 /* ViewController.swift in Sources */ = {isa = PBXBuildFile; fileRef = D926AB191C77602E002AC0B7 /* ViewController.swift */; };
		D926AB1D1C77602E002AC0B7 /* Main.storyboard in Resources */ = {isa = PBXBuildFile; fileRef = D926AB1B1C77602E002AC0B7 /* Main.storyboard */; };
		D926AB1F1C77602E002AC0B7 /* Assets.xcassets in Resources */ = {isa = PBXBuildFile; fileRef = D926AB1E1C77602E002AC0B7 /* Assets.xcassets */; };
		D926AB221C77602E002AC0B7 /* LaunchScreen.storyboard in Resources */ = {isa = PBXBuildFile; fileRef = D926AB201C77602E002AC0B7 /* LaunchScreen.storyboard */; };
		D926AB2B1C776088002AC0B7 /* RPColor.framework in Frameworks */ = {isa = PBXBuildFile; fileRef = D926AB2A1C776088002AC0B7 /* RPColor.framework */; };
/* End PBXBuildFile section */

/* Begin PBXFileReference section */
		D926AB141C77602E002AC0B7 /* RPColor iOS Example.app */ = {isa = PBXFileReference; explicitFileType = wrapper.application; includeInIndex = 0; path = "RPColor iOS Example.app"; sourceTree = BUILT_PRODUCTS_DIR; };
		D926AB171C77602E002AC0B7 /* AppDelegate.swift */ = {isa = PBXFileReference; lastKnownFileType = sourcecode.swift; path = AppDelegate.swift; sourceTree = "<group>"; };
		D926AB191C77602E002AC0B7 /* ViewController.swift */ = {isa = PBXFileReference; lastKnownFileType = sourcecode.swift; path = ViewController.swift; sourceTree = "<group>"; };
		D926AB1C1C77602E002AC0B7 /* Base */ = {isa = PBXFileReference; lastKnownFileType = file.storyboard; name = Base; path = Base.lproj/Main.storyboard; sourceTree = "<group>"; };
		D926AB1E1C77602E002AC0B7 /* Assets.xcassets */ = {isa = PBXFileReference; lastKnownFileType = folder.assetcatalog; path = Assets.xcassets; sourceTree = "<group>"; };
		D926AB211C77602E002AC0B7 /* Base */ = {isa = PBXFileReference; lastKnownFileType = file.storyboard; name = Base; path = Base.lproj/LaunchScreen.storyboard; sourceTree = "<group>"; };
		D926AB231C77602E002AC0B7 /* Info.plist */ = {isa = PBXFileReference; lastKnownFileType = text.plist.xml; path = Info.plist; sourceTree = "<group>"; };
		D926AB2A1C776088002AC0B7 /* RPColor.framework */ = {isa = PBXFileReference; lastKnownFileType = wrapper.framework; name = RPColor.framework; path = "../../build/Debug-iphoneos/RPColor.framework"; sourceTree = "<group>"; };
/* End PBXFileReference section */

/* Begin PBXFrameworksBuildPhase section */
		D926AB111C77602E002AC0B7 /* Frameworks */ = {
			isa = PBXFrameworksBuildPhase;
			buildActionMask = 2147483647;
			files = (
				D926AB2B1C776088002AC0B7 /* RPColor.framework in Frameworks */,
			);
			runOnlyForDeploymentPostprocessing = 0;
		};
/* End PBXFrameworksBuildPhase section */

/* Begin PBXGroup section */
		D926AB0B1C77602E002AC0B7 = {
			isa = PBXGroup;
			children = (
				D926AB2A1C776088002AC0B7 /* RPColor.framework */,
				D926AB161C77602E002AC0B7 /* RPColor iOS Example */,
				D926AB151C77602E002AC0B7 /* Products */,
			);
			sourceTree = "<group>";
		};
		D926AB151C77602E002AC0B7 /* Products */ = {
			isa = PBXGroup;
			children = (
				D926AB141C77602E002AC0B7 /* RPColor iOS Example.app */,
			);
			name = Products;
			sourceTree = "<group>";
		};
		D926AB161C77602E002AC0B7 /* RPColor iOS Example */ = {
			isa = PBXGroup;
			children = (
				D926AB171C77602E002AC0B7 /* AppDelegate.swift */,
				D926AB191C77602E002AC0B7 /* ViewController.swift */,
				D926AB1B1C77602E002AC0B7 /* Main.storyboard */,
				D926AB1E1C77602E002AC0B7 /* Assets.xcassets */,
				D926AB201C77602E002AC0B7 /* LaunchScreen.storyboard */,
				D926AB231C77602E002AC0B7 /* Info.plist */,
			);
			path = "RPColor iOS Example";
			sourceTree = "<group>";
		};
/* End PBXGroup section */

/* Begin PBXNativeTarget section */
		D926AB131C77602E002AC0B7 /* RPColor iOS Example */ = {
			isa = PBXNativeTarget;
			buildConfigurationList = D926AB261C77602E002AC0B7 /* Build configuration list for PBXNativeTarget "RPColor iOS Example" */;
			buildPhases = (
				D926AB101C77602E002AC0B7 /* Sources */,
				D926AB111C77602E002AC0B7 /* Frameworks */,
				D926AB121C77602E002AC0B7 /* Resources */,
			);
			buildRules = (
			);
			dependencies = (
			);
			name = "RPColor iOS Example";
			productName = "RPColor iOS Example";
			productReference = D926AB141C77602E002AC0B7 /* RPColor iOS Example.app */;
			productType = "com.apple.product-type.application";
		};
/* End PBXNativeTarget section */

/* Begin PBXProject section */
		D926AB0C1C77602E002AC0B7 /* Project object */ = {
			isa = PBXProject;
			attributes = {
				LastSwiftUpdateCheck = 0720;
				LastUpgradeCheck = 0720;
				ORGANIZATIONNAME = "Roberto Pastor";
				TargetAttributes = {
					D926AB131C77602E002AC0B7 = {
						CreatedOnToolsVersion = 7.2;
					};
				};
			};
			buildConfigurationList = D926AB0F1C77602E002AC0B7 /* Build configuration list for PBXProject "RPColor iOS Example" */;
			compatibilityVersion = "Xcode 3.2";
			developmentRegion = English;
			hasScannedForEncodings = 0;
			knownRegions = (
				en,
				Base,
			);
			mainGroup = D926AB0B1C77602E002AC0B7;
			productRefGroup = D926AB151C77602E002AC0B7 /* Products */;
			projectDirPath = "";
			projectRoot = "";
			targets = (
				D926AB131C77602E002AC0B7 /* RPColor iOS Example */,
			);
		};
/* End PBXProject section */

/* Begin PBXResourcesBuildPhase section */
		D926AB121C77602E002AC0B7 /* Resources */ = {
			isa = PBXResourcesBuildPhase;
			buildActionMask = 2147483647;
			files = (
				D926AB221C77602E002AC0B7 /* LaunchScreen.storyboard in Resources */,
				D926AB1F1C77602E002AC0B7 /* Assets.xcassets in Resources */,
				D926AB1D1C77602E002AC0B7 /* Main.storyboard in Resources */,
			);
			runOnlyForDeploymentPostprocessing = 0;
		};
/* End PBXResourcesBuildPhase section */

/* Begin PBXSourcesBuildPhase section */
		D926AB101C77602E002AC0B7 /* Sources */ = {
			isa = PBXSourcesBuildPhase;
			buildActionMask = 2147483647;
			files = (
				D926AB1A1C77602E002AC0B7 /* ViewController.swift in Sources */,
				D926AB181C77602E002AC0B7 /* AppDelegate.swift in Sources */,
			);
			runOnlyForDeploymentPostprocessing = 0;
		};
/* End PBXSourcesBuildPhase section */

/* Begin PBXVariantGroup section */
		D926AB1B1C77602E002AC0B7 /* Main.storyboard */ = {
			isa = PBXVariantGroup;
			children = (
				D926AB1C1C77602E002AC0B7 /* Base */,
			);
			name = Main.storyboard;
			sourceTree = "<group>";
		};
		D926AB201C77602E002AC0B7 /* LaunchScreen.storyboard */ = {
			isa = PBXVariantGroup;
			children = (
				D926AB211C77602E002AC0B7 /* Base */,
			);
			name = LaunchScreen.storyboard;
			sourceTree = "<group>";
		};
/* End PBXVariantGroup section */

/* Begin XCBuildConfiguration section */
		D926AB241C77602E002AC0B7 /* Debug */ = {
			isa = XCBuildConfiguration;
			buildSettings = {
				ALWAYS_SEARCH_USER_PATHS = NO;
				CLANG_CXX_LANGUAGE_STANDARD = "gnu++0x";
				CLANG_CXX_LIBRARY = "libc++";
				CLANG_ENABLE_MODULES = YES;
				CLANG_ENABLE_OBJC_ARC = YES;
				CLANG_WARN_BOOL_CONVERSION = YES;
				CLANG_WARN_CONSTANT_CONVERSION = YES;
				CLANG_WARN_DIRECT_OBJC_ISA_USAGE = YES_ERROR;
				CLANG_WARN_EMPTY_BODY = YES;
				CLANG_WARN_ENUM_CONVERSION = YES;
				CLANG_WARN_INT_CONVERSION = YES;
				CLANG_WARN_OBJC_ROOT_CLASS = YES_ERROR;
				CLANG_WARN_UNREACHABLE_CODE = YES;
				CLANG_WARN__DUPLICATE_METHOD_MATCH = YES;
				"CODE_SIGN_IDENTITY[sdk=iphoneos*]" = "iPhone Developer";
				COPY_PHASE_STRIP = NO;
				DEBUG_INFORMATION_FORMAT = dwarf;
				ENABLE_STRICT_OBJC_MSGSEND = YES;
				ENABLE_TESTABILITY = YES;
				GCC_C_LANGUAGE_STANDARD = gnu99;
				GCC_DYNAMIC_NO_PIC = NO;
				GCC_NO_COMMON_BLOCKS = YES;
				GCC_OPTIMIZATION_LEVEL = 0;
				GCC_PREPROCESSOR_DEFINITIONS = (
					"DEBUG=1",
					"$(inherited)",
				);
				GCC_WARN_64_TO_32_BIT_CONVERSION = YES;
				GCC_WARN_ABOUT_RETURN_TYPE = YES_ERROR;
				GCC_WARN_UNDECLARED_SELECTOR = YES;
				GCC_WARN_UNINITIALIZED_AUTOS = YES_AGGRESSIVE;
				GCC_WARN_UNUSED_FUNCTION = YES;
				GCC_WARN_UNUSED_VARIABLE = YES;
				IPHONEOS_DEPLOYMENT_TARGET = 9.2;
				MTL_ENABLE_DEBUG_INFO = YES;
				ONLY_ACTIVE_ARCH = YES;
				SDKROOT = iphoneos;
				SWIFT_OPTIMIZATION_LEVEL = "-Onone";
			};
			name = Debug;
		};
		D926AB251C77602E002AC0B7 /* Release */ = {
			isa = XCBuildConfiguration;
			buildSettings = {
				ALWAYS_SEARCH_USER_PATHS = NO;
				CLANG_CXX_LANGUAGE_STANDARD = "gnu++0x";
				CLANG_CXX_LIBRARY = "libc++";
				CLANG_ENABLE_MODULES = YES;
				CLANG_ENABLE_OBJC_ARC = YES;
				CLANG_WARN_BOOL_CONVERSION = YES;
				CLANG_WARN_CONSTANT_CONVERSION = YES;
				CLANG_WARN_DIRECT_OBJC_ISA_USAGE = YES_ERROR;
				CLANG_WARN_EMPTY_BODY = YES;
				CLANG_WARN_ENUM_CONVERSION = YES;
				CLANG_WARN_INT_CONVERSION = YES;
				CLANG_WARN_OBJC_ROOT_CLASS = YES_ERROR;
				CLANG_WARN_UNREACHABLE_CODE = YES;
				CLANG_WARN__DUPLICATE_METHOD_MATCH = YES;
				"CODE_SIGN_IDENTITY[sdk=iphoneos*]" = "iPhone Developer";
				COPY_PHASE_STRIP = NO;
				DEBUG_INFORMATION_FORMAT = "dwarf-with-dsym";
				ENABLE_NS_ASSERTIONS = NO;
				ENABLE_STRICT_OBJC_MSGSEND = YES;
				GCC_C_LANGUAGE_STANDARD = gnu99;
				GCC_NO_COMMON_BLOCKS = YES;
				GCC_WARN_64_TO_32_BIT_CONVERSION = YES;
				GCC_WARN_ABOUT_RETURN_TYPE = YES_ERROR;
				GCC_WARN_UNDECLARED_SELECTOR = YES;
				GCC_WARN_UNINITIALIZED_AUTOS = YES_AGGRESSIVE;
				GCC_WARN_UNUSED_FUNCTION = YES;
				GCC_WARN_UNUSED_VARIABLE = YES;
				IPHONEOS_DEPLOYMENT_TARGET = 9.2;
				MTL_ENABLE_DEBUG_INFO = NO;
				SDKROOT = iphoneos;
				VALIDATE_PRODUCT = YES;
			};
			name = Release;
		};
		D926AB271C77602E002AC0B7 /* Debug */ = {
			isa = XCBuildConfiguration;
			buildSettings = {
				ASSETCATALOG_COMPILER_APPICON_NAME = AppIcon;
				INFOPLIST_FILE = "RPColor iOS Example/Info.plist";
				LD_RUNPATH_SEARCH_PATHS = "$(inherited) @executable_path/Frameworks";
				PRODUCT_BUNDLE_IDENTIFIER = "es.rpastor.RPColor-iOS-Example";
				PRODUCT_NAME = "$(TARGET_NAME)";
			};
			name = Debug;
		};
		D926AB281C77602E002AC0B7 /* Release */ = {
			isa = XCBuildConfiguration;
			buildSettings = {
				ASSETCATALOG_COMPILER_APPICON_NAME = AppIcon;
				INFOPLIST_FILE = "RPColor iOS Example/Info.plist";
				LD_RUNPATH_SEARCH_PATHS = "$(inherited) @executable_path/Frameworks";
				PRODUCT_BUNDLE_IDENTIFIER = "es.rpastor.RPColor-iOS-Example";
				PRODUCT_NAME = "$(TARGET_NAME)";
			};
			name = Release;
		};
/* End XCBuildConfiguration section */

/* Begin XCConfigurationList section */
		D926AB0F1C77602E002AC0B7 /* Build configuration list for PBXProject "RPColor iOS Example" */ = {
			isa = XCConfigurationList;
			buildConfigurations = (
				D926AB241C77602E002AC0B7 /* Debug */,
				D926AB251C77602E002AC0B7 /* Release */,
			);
			defaultConfigurationIsVisible = 0;
			defaultConfigurationName = Release;
		};
		D926AB261C77602E002AC0B7 /* Build configuration list for PBXNativeTarget "RPColor iOS Example" */ = {
			isa = XCConfigurationList;
			buildConfigurations = (
				D926AB271C77602E002AC0B7 /* Debug */,
				D926AB281C77602E002AC0B7 /* Release */,
			);
			defaultConfigurationIsVisible = 0;
			defaultConfigurationName = Release;
		};
/* End XCConfigurationList section */
	};
	rootObject = D926AB0C1C77602E002AC0B7 /* Project object */;
}
